{
  "nodes": {
    "android-nixpkgs": {
      "inputs": {
        "devshell": "devshell",
        "flake-utils": "flake-utils",
        "nixpkgs": "nixpkgs"
      },
      "locked": {
        "lastModified": 1784321653,
        "narHash": "sha256-s+TcFVPTD3eoWZDLYjGaIWEh3qit+cF2MQAxDnibUQY=",
        "owner": "tadfisher",
        "repo": "android-nixpkgs",
        "rev": "89eafdd05fa40e3bc50510c478f99c6482ec6f1d",
        "type": "github"
      },
      "original": {
        "owner": "tadfisher",
        "repo": "android-nixpkgs",
        "type": "github"
      }
    },
    "devshell": {
      "inputs": {
        "nixpkgs": [
          "android-nixpkgs",
          "nixpkgs"
        ]
      },
      "locked": {
        "lastModified": 1768818222,
        "narHash": "sha256-460jc0+CZfyaO8+w8JNtlClB2n4ui1RbHfPTLkpwhU8=",
        "owner": "numtide",
        "repo": "devshell",
        "rev": "255a2b1725a20d060f566e4755dbf571bbbb5f76",
        "type": "github"
      },
      "original": {
        "owner": "numtide",
        "repo": "devshell",
        "type": "github"
      }
    },
    "flake-utils": {
      "inputs": {
        "systems": "systems"
      },
      "locked": {
        "lastModified": 1731533236,
        "narHash": "sha256-l0KFg5HjrsfsO/JpG+r7fRrqm12kzFHyUHqHCVpMMbI=",
        "owner": "numtide",
        "repo": "flake-utils",
        "rev": "11707dc2f618dd54ca8739b309ec4fc024de578b",
        "type": "github"
      },
      "original": {
        "owner": "numtide",
        "repo": "flake-utils",
        "type": "github"
      }
    },
    "flake-utils_2": {
      "inputs": {
        "systems": "systems_2"
      },
      "locked": {
        "lastModified": 1731533236,
        "narHash": "sha256-l0KFg5HjrsfsO/JpG+r7fRrqm12kzFHyUHqHCVpMMbI=",
        "owner": "numtide",
        "repo": "flake-utils",
        "rev": "11707dc2f618dd54ca8739b309ec4fc024de578b",
        "type": "github"
      },
      "original": {
        "owner": "numtide",
        "repo": "flake-utils",
        "type": "github"
      }
    },
    "gradle-dot-nix": {
      "inputs": {
        "nixpkgs": "nixpkgs_2"
      },
      "locked": {
        "lastModified": 1778776546,
        "narHash": "sha256-lthFj045Ta4rtCii4rvvCzyWFIOsZIkOlogNbScIdGs=",
        "owner": "CrazyChaoz",
        "repo": "gradle-dot-nix",
        "rev": "d49945250eea08f988baa6a93508987b3d1e27f1",
        "type": "github"
      },
      "original": {
        "owner": "CrazyChaoz",
        "repo": "gradle-dot-nix",
        "type": "github"
      }
    },
    "gradle2nix": {
      "inputs": {
        "flake-utils": "flake-utils_2",
        "nixpkgs": "nixpkgs_3"
      },
      "locked": {
        "lastModified": 1755902591,
        "narHash": "sha256-mnPaPH9k6Mbr7O0KzBBdkiDDS88oB5NiFHVSFkCzswU=",
        "owner": "tadfisher",
        "repo": "gradle2nix",
        "rev": "30cfe5889188524223364ee7919d94e83d6ee44a",
        "type": "github"
      },
      "original": {
        "owner": "tadfisher",
        "ref": "v2",
        "repo": "gradle2nix",
        "type": "github"
      }
    },
    "nixpkgs": {
      "locked": {
        "lastModified": 1784120854,
        "narHash": "sha256-KesHgItiZPgGX740axSiQLcIQ8D24MDqNpkKYWIek8k=",
        "owner": "NixOS",
        "repo": "nixpkgs",
        "rev": "753cc8a3a87467296ddd1fa93f0cc3e81120ee46",
        "type": "github"
      },
      "original": {
        "owner": "NixOS",
        "ref": "nixos-unstable",
        "repo": "nixpkgs",
        "type": "github"
      }
    },
    "nixpkgs_2": {
      "locked": {
        "lastModified": 1784282293,
        "narHash": "sha256-Qvf5DoKIqxiqvqHqp2BAXrwrA3ic5nMNA5DNagQB96I=",
        "rev": "a47c123a609287a012dfc44d281de2dd4ed13394",
        "type": "tarball",
        "url": "https://releases.nixos.org/nixpkgs/nixpkgs-26.11pre1036407.a47c123a6092/nixexprs.tar.xz"
      },
      "original": {
        "id": "nixpkgs",
        "type": "indirect"
      }
    },
    "nixpkgs_3": {
      "locked": {
        "lastModified": 1755615617,
        "narHash": "sha256-HMwfAJBdrr8wXAkbGhtcby1zGFvs+StOp19xNsbqdOg=",
        "owner": "NixOS",
        "repo": "nixpkgs",
        "rev": "20075955deac2583bb12f07151c2df830ef346b4",
        "type": "github"
      },
      "original": {
        "owner": "NixOS",
        "ref": "nixos-unstable",
        "repo": "nixpkgs",
        "type": "github"
      }
    },
    "nixpkgs_4": {
      "locked": {
        "lastModified": 1784282293,
        "narHash": "sha256-IpX7tmVJi9seHg5M4Wuexy78bQDlbntVk1HcT9kFts4=",
        "owner": "nixos",
        "repo": "nixpkgs",
        "rev": "a47c123a609287a012dfc44d281de2dd4ed13394",
        "type": "github"
      },
      "original": {
        "owner": "nixos",
        "ref": "nixpkgs-unstable",
        "repo": "nixpkgs",
        "type": "github"
      }
    },
    "nixpkgs_5": {
      "locked": {
        "lastModified": 1770107345,
        "narHash": "sha256-tbS0Ebx2PiA1FRW8mt8oejR0qMXmziJmPaU1d4kYY9g=",
        "owner": "nixos",
        "repo": "nixpkgs",
        "rev": "4533d9293756b63904b7238acb84ac8fe4c8c2c4",
        "type": "github"
      },
      "original": {
        "owner": "nixos",
        "ref": "nixpkgs-unstable",
        "repo": "nixpkgs",
        "type": "github"
      }
    },
    "root": {
      "inputs": {
        "android-nixpkgs": "android-nixpkgs",
        "gradle-dot-nix": "gradle-dot-nix",
        "gradle2nix": "gradle2nix",
        "nixpkgs": "nixpkgs_4",
        "treefmt-nix": "treefmt-nix"
      }
    },
    "systems": {
      "locked": {
        "lastModified": 1681028828,
        "narHash": "sha256-Vy1rq5AaRuLzOxct8nz4T6wlgyUR7zLU309k9mBC768=",
        "owner": "nix-systems",
        "repo": "default",
        "rev": "da67096a3b9bf56a91d16901293e51ba5b49a27e",
        "type": "github"
      },
      "original": {
        "owner": "nix-systems",
        "repo": "default",
        "type": "github"
      }
    },
    "systems_2": {
      "locked": {
        "lastModified": 1681028828,
        "narHash": "sha256-Vy1rq5AaRuLzOxct8nz4T6wlgyUR7zLU309k9mBC768=",
        "owner": "nix-systems",
        "repo": "default",
        "rev": "da67096a3b9bf56a91d16901293e51ba5b49a27e",
        "type": "github"
      },
      "original": {
        "owner": "nix-systems",
        "repo": "default",
        "type": "github"
      }
    },
    "treefmt-nix": {
      "inputs": {
        "nixpkgs": "nixpkgs_5"
      },
      "locked": {
        "lastModified": 1780220602,
        "narHash": "sha256-eynAfOmbmxJnkp7YewvCEbShNnnYJ9gLLqkzsYtBPeM=",
        "owner": "numtide",
        "repo": "treefmt-nix",
        "rev": "db947814a175b7ca6ded66e21383d938df01c227",
        "type": "github"
      },
      "original": {
        "owner": "numtide",
        "repo": "treefmt-nix",
        "type": "github"
      }
    }
  },
  "root": "root",
  "version": 7
}
